
Microsoft Visual Studio Solution File, Format Version 12.00
# Visual Studio 14
VisualStudioVersion = 14.0.25420.1
MinimumVisualStudioVersion = 10.0.40219.1
Project("{8BC9CEB8-8B4A-11D0-8D11-00A0C91BC942}") = "VOIPDemo", "VOIPDemo\VOIPDemo.vcxproj", "{3CFF24EB-C6E7-4EEC-AB64-6C634A129EE0}"
EndProject
Project("{8BC9CEB8-8B4A-11D0-8D11-00A0C91BC942}") = "websockets", "..\..\libwebsockets-2.2.1\websockets.vcxproj", "{594E5E3E-E08D-3633-82D5-3672D7F07E35}"
EndProject
Project("{8BC9CEB8-8B4A-11D0-8D11-00A0C91BC942}") = "log4cplusS", "..\..\log4cplus-1.2.0\msvc14\log4cplusS.vcxproj", "{BEC0CD2F-60CD-40E2-A89B-AB10E902F1D5}"
EndProject
Project("{8BC9CEB8-8B4A-11D0-8D11-00A0C91BC942}") = "zlib_internal", "..\..\libwebsockets-2.2.1\zlib_internal.vcxproj", "{13DB92D2-9633-3E77-97A0-F181B8AFAB9B}"
EndProject
Project("{8BC9CEB8-8B4A-11D0-8D11-00A0C91BC942}") = "BuildAll", "BuildAll\BuildAll.vcxproj", "{41014141-7E79-4641-8876-CFE514F8E1A7}"
EndProject
Project("{8BC9CEB8-8B4A-11D0-8D11-00A0C91BC942}") = "WebSocketPlugin", "WebSocketPlugin\WebSocketPlugin.vcxproj", "{214D8B34-6895-45C5-B2AF-2F7B563984A4}"
EndProject
Project("{8BC9CEB8-8B4A-11D0-8D11-00A0C91BC942}") = "DuiLib", "DuiLib\DuiLib.vcxproj", "{E106ACD7-4E53-4AEE-942B-D0DD426DB34E}"
EndProject
Project("{8BC9CEB8-8B4A-11D0-8D11-00A0C91BC942}") = "lib_json", "..\..\jsoncpp-src-0.5.0\makefiles\vs2015\lib_json.vcxproj", "{B84F7231-16CE-41D8-8C08-7B523FF4225B}"
EndProject
Global
	GlobalSection(SolutionConfigurationPlatforms) = preSolution
		Release|x86 = Release|x86
		Debug|x86 = Debug|x86
	EndGlobalSection
	GlobalSection(ProjectConfigurationPlatforms) = postSolution
		{B84F7231-16CE-41D8-8C08-7B523FF4225B}.Debug|x86.ActiveCfg = Debug|Win32
		{B84F7231-16CE-41D8-8C08-7B523FF4225B}.Debug|x86.Build.0 = Debug|Win32
		{B84F7231-16CE-41D8-8C08-7B523FF4225B}.Release|x86.ActiveCfg = Release|Win32
		{B84F7231-16CE-41D8-8C08-7B523FF4225B}.Release|x86.Build.0 = Release|Win32
		{594E5E3E-E08D-3633-82D5-3672D7F07E35}.Debug|x86.ActiveCfg = Debug|Win32
		{594E5E3E-E08D-3633-82D5-3672D7F07E35}.Debug|x86.Build.0 = Debug|Win32
		{594E5E3E-E08D-3633-82D5-3672D7F07E35}.Release|x86.ActiveCfg = Release|Win32
		{594E5E3E-E08D-3633-82D5-3672D7F07E35}.Release|x86.Build.0 = Release|Win32
		{BEC0CD2F-60CD-40E2-A89B-AB10E902F1D5}.Debug|x86.ActiveCfg = Debug|Win32
		{BEC0CD2F-60CD-40E2-A89B-AB10E902F1D5}.Debug|x86.Build.0 = Debug|Win32
		{BEC0CD2F-60CD-40E2-A89B-AB10E902F1D5}.Release|x86.ActiveCfg = Release|Win32
		{BEC0CD2F-60CD-40E2-A89B-AB10E902F1D5}.Release|x86.Build.0 = Release|Win32
		{13DB92D2-9633-3E77-97A0-F181B8AFAB9B}.Debug|x86.ActiveCfg = Debug|Win32
		{13DB92D2-9633-3E77-97A0-F181B8AFAB9B}.Debug|x86.Build.0 = Debug|Win32
		{13DB92D2-9633-3E77-97A0-F181B8AFAB9B}.Release|x86.ActiveCfg = Release|Win32
		{13DB92D2-9633-3E77-97A0-F181B8AFAB9B}.Release|x86.Build.0 = Release|Win32
		{41014141-7E79-4641-8876-CFE514F8E1A7}.Debug|x86.ActiveCfg = Debug|Win32
		{41014141-7E79-4641-8876-CFE514F8E1A7}.Debug|x86.Build.0 = Debug|Win32
		{41014141-7E79-4641-8876-CFE514F8E1A7}.Release|x86.ActiveCfg = Release|Win32
		{41014141-7E79-4641-8876-CFE514F8E1A7}.Release|x86.Build.0 = Release|Win32
		{214D8B34-6895-45C5-B2AF-2F7B563984A4}.Debug|x86.ActiveCfg = Debug|Win32
		{214D8B34-6895-45C5-B2AF-2F7B563984A4}.Debug|x86.Build.0 = Debug|Win32
		{214D8B34-6895-45C5-B2AF-2F7B563984A4}.Release|x86.ActiveCfg = Release|Win32
		{214D8B34-6895-45C5-B2AF-2F7B563984A4}.Release|x86.Build.0 = Release|Win32
		{E106ACD7-4E53-4AEE-942B-D0DD426DB34E}.Debug|x86.ActiveCfg = Debug|Win32
		{E106ACD7-4E53-4AEE-942B-D0DD426DB34E}.Debug|x86.Build.0 = Debug|Win32
		{E106ACD7-4E53-4AEE-942B-D0DD426DB34E}.Release|x86.ActiveCfg = Release|Win32
		{E106ACD7-4E53-4AEE-942B-D0DD426DB34E}.Release|x86.Build.0 = Release|Win32
		{3CFF24EB-C6E7-4EEC-AB64-6C634A129EE0}.Debug|x86.ActiveCfg = Debug|Win32
		{3CFF24EB-C6E7-4EEC-AB64-6C634A129EE0}.Debug|x86.Build.0 = Debug|Win32
		{3CFF24EB-C6E7-4EEC-AB64-6C634A129EE0}.Release|x86.ActiveCfg = Release|Win32
		{3CFF24EB-C6E7-4EEC-AB64-6C634A129EE0}.Release|x86.Build.0 = Release|Win32
	EndGlobalSection
	GlobalSection(SolutionProperties) = preSolution
		HideSolutionNode = FALSE
	EndGlobalSection
EndGlobal
